{
    "_readme": [
        "This file locks the dependencies of your project to a known state",
        "Read more about it at https://getcomposer.org/doc/01-basic-usage.md#installing-dependencies",
        "This file is @generated automatically"
    ],
    "content-hash": "be5a5d32a68449665d5736bcd4f71c7c",
    "packages": [
        {
            "name": "catfan/medoo",
            "version": "v1.7.10",
            "source": {
                "type": "git",
                "url": "https://github.com/catfan/Medoo.git",
                "reference": "2d675f73e23f63bbaeb9a8aa33318659a3d3c32f"
            },
            "dist": {
                "type": "zip",
                "url": "https://api.github.com/repos/catfan/Medoo/zipball/2d675f73e23f63bbaeb9a8aa33318659a3d3c32f",
                "reference": "2d675f73e23f63bbaeb9a8aa33318659a3d3c32f",
                "shasum": "",
                "mirrors": [
                    {
                        "url": "https://mirrors.aliyun.com/composer/dists/%package%/%reference%.%type%",
                        "preferred": true
                    }
                ]
            },
            "require": {
                "ext-pdo": "*",
                "php": ">=5.4"
            },
            "suggest": {
                "ext-pdo_dblib": "For MSSQL or Sybase database on Linux/UNIX platform",
                "ext-pdo_mysql": "For MySQL or MariaDB database",
                "ext-pdo_oci": "For Oracle database",
                "ext-pdo_oci8": "For Oracle version 8 database",
                "ext-pdo_pqsql": "For PostgreSQL database",
                "ext-pdo_sqlite": "For SQLite database",
                "ext-pdo_sqlsrv": "For MSSQL database on both Window/Liunx platform"
            },
            "type": "framework",
            "autoload": {
                "psr-4": {
                    "Medoo\\": "/src"
                }
            },
            "notification-url": "https://packagist.org/downloads/",
            "license": [
                "MIT"
            ],
            "authors": [
                {
                    "name": "Angel Lai",
                    "email": "angel@catfan.me"
                }
            ],
            "description": "The lightweight PHP database framework to accelerate development",
            "homepage": "https://medoo.in",
            "keywords": [
                "database",
                "database library",
                "lightweight",
                "mariadb",
                "mssql",
                "mysql",
                "oracle",
                "php framework",
                "postgresql",
                "sql",
                "sqlite"
            ],
            "time": "2020-02-11T08:20:42+00:00"
        },
        {
            "name": "league/booboo",
            "version": "2.0",
            "source": {
                "type": "git",
                "url": "https://github.com/thephpleague/booboo.git",
                "reference": "bf6a7ba3b3cb59cf1acec1e8671474bde5ffe326"
            },
            "dist": {
                "type": "zip",
                "url": "https://api.github.com/repos/thephpleague/booboo/zipball/bf6a7ba3b3cb59cf1acec1e8671474bde5ffe326",
                "reference": "bf6a7ba3b3cb59cf1acec1e8671474bde5ffe326",
                "shasum": "",
                "mirrors": [
                    {
                        "url": "https://mirrors.aliyun.com/composer/dists/%package%/%reference%.%type%",
                        "preferred": true
                    }
                ]
            },
            "require": {
                "php": ">=5.6.0",
                "psr/log": "~1.0"
            },
            "require-dev": {
                "mockery/mockery": "~0.9",
                "phpunit/phpunit": "~5.7",
                "sentry/sentry": "~1.7"
            },
            "suggest": {
                "sentry/sentry": "Use Sentry for passing errors to Sentry."
            },
            "type": "library",
            "autoload": {
                "psr-4": {
                    "League\\BooBoo\\": "src/"
                }
            },
            "notification-url": "https://packagist.org/downloads/",
            "license": [
                "MIT"
            ],
            "authors": [
                {
                    "name": "Brandon Savage",
                    "homepage": "https://www.brandonsavage.net/"
                }
            ],
            "description": "Provides an error handler for PHP that can execute a stack of handlers for various purposes.",
            "time": "2017-09-01T17:05:28+00:00"
        },
        {
            "name": "liesauer/get-middle-text",
            "version": "v1.1",
            "source": {
                "type": "git",
                "url": "https://github.com/liesauer/getMiddleText.git",
                "reference": "80c0f8f8b1bfb520660ea229b9164d11ddc0f591"
            },
            "dist": {
                "type": "zip",
                "url": "https://api.github.com/repos/liesauer/getMiddleText/zipball/80c0f8f8b1bfb520660ea229b9164d11ddc0f591",
                "reference": "80c0f8f8b1bfb520660ea229b9164d11ddc0f591",
                "shasum": "",
                "mirrors": [
                    {
                        "url": "https://mirrors.aliyun.com/composer/dists/%package%/%reference%.%type%",
                        "preferred": true
                    }
                ]
            },
            "type": "library",
            "autoload": {
                "files": [
                    "src/getMiddleText.php"
                ]
            },
            "notification-url": "https://packagist.org/downloads/",
            "license": [
                "MIT"
            ],
            "description": "getMiddleText",
            "time": "2019-01-27T08:34:16+00:00"
        },
        {
            "name": "liesauer/simple-http-client",
            "version": "v1.4.5",
            "source": {
                "type": "git",
                "url": "https://github.com/liesauer/SimpleHttpClient.git",
                "reference": "9ada246ce2ea70a5f0e0035990dba3757f008be3"
            },
            "dist": {
                "type": "zip",
                "url": "https://api.github.com/repos/liesauer/SimpleHttpClient/zipball/9ada246ce2ea70a5f0e0035990dba3757f008be3",
                "reference": "9ada246ce2ea70a5f0e0035990dba3757f008be3",
                "shasum": "",
                "mirrors": [
                    {
                        "url": "https://mirrors.aliyun.com/composer/dists/%package%/%reference%.%type%",
                        "preferred": true
                    }
                ]
            },
            "require": {
                "ext-curl": "*"
            },
            "type": "library",
            "autoload": {
                "psr-4": {
                    "liesauer\\": "src/"
                }
            },
            "notification-url": "https://packagist.org/downloads/",
            "license": [
                "MIT"
            ],
            "description": "SimpleHttpClient",
            "time": "2020-03-23T02:46:03+00:00"
        },
        {
            "name": "monolog/monolog",
            "version": "1.25.3",
            "source": {
                "type": "git",
                "url": "https://github.com/Seldaek/monolog.git",
                "reference": "fa82921994db851a8becaf3787a9e73c5976b6f1"
            },
            "dist": {
                "type": "zip",
                "url": "https://api.github.com/repos/Seldaek/monolog/zipball/fa82921994db851a8becaf3787a9e73c5976b6f1",
                "reference": "fa82921994db851a8becaf3787a9e73c5976b6f1",
                "shasum": "",
                "mirrors": [
                    {
                        "url": "https://mirrors.aliyun.com/composer/dists/%package%/%reference%.%type%",
                        "preferred": true
                    }
                ]
            },
            "require": {
                "php": ">=5.3.0",
                "psr/log": "~1.0"
            },
            "provide": {
                "psr/log-implementation": "1.0.0"
            },
            "require-dev": {
                "aws/aws-sdk-php": "^2.4.9 || ^3.0",
                "doctrine/couchdb": "~1.0@dev",
                "graylog2/gelf-php": "~1.0",
                "jakub-onderka/php-parallel-lint": "0.9",
                "php-amqplib/php-amqplib": "~2.4",
                "php-console/php-console": "^3.1.3",
                "phpunit/phpunit": "~4.5",
                "phpunit/phpunit-mock-objects": "2.3.0",
                "ruflin/elastica": ">=0.90 <3.0",
                "sentry/sentry": "^0.13",
                "swiftmailer/swiftmailer": "^5.3|^6.0"
            },
            "suggest": {
                "aws/aws-sdk-php": "Allow sending log messages to AWS services like DynamoDB",
                "doctrine/couchdb": "Allow sending log messages to a CouchDB server",
                "ext-amqp": "Allow sending log messages to an AMQP server (1.0+ required)",
                "ext-mongo": "Allow sending log messages to a MongoDB server",
                "graylog2/gelf-php": "Allow sending log messages to a GrayLog2 server",
                "mongodb/mongodb": "Allow sending log messages to a MongoDB server via PHP Driver",
                "php-amqplib/php-amqplib": "Allow sending log messages to an AMQP server using php-amqplib",
                "php-console/php-console": "Allow sending log messages to Google Chrome",
                "rollbar/rollbar": "Allow sending log messages to Rollbar",
                "ruflin/elastica": "Allow sending log messages to an Elastic Search server",
                "sentry/sentry": "Allow sending log messages to a Sentry server"
            },
            "type": "library",
            "extra": {
                "branch-alias": {
                    "dev-master": "2.0.x-dev"
                }
            },
            "autoload": {
                "psr-4": {
                    "Monolog\\": "src/Monolog"
                }
            },
            "notification-url": "https://packagist.org/downloads/",
            "license": [
                "MIT"
            ],
            "authors": [
                {
                    "name": "Jordi Boggiano",
                    "email": "j.boggiano@seld.be",
                    "homepage": "http://seld.be"
                }
            ],
            "description": "Sends your logs to files, sockets, inboxes, databases and various web services",
            "homepage": "http://github.com/Seldaek/monolog",
            "keywords": [
                "log",
                "logging",
                "psr-3"
            ],
            "time": "2019-12-20T14:15:16+00:00"
        },
        {
            "name": "nulastudio/middleware",
            "version": "v1.2.2-BETA",
            "source": {
                "type": "git",
                "url": "https://github.com/nulastudio/middleware.git",
                "reference": "62022442a140e919dca60c4118e4df0a8bd20d0a"
            },
            "dist": {
                "type": "zip",
                "url": "https://api.github.com/repos/nulastudio/middleware/zipball/62022442a140e919dca60c4118e4df0a8bd20d0a",
                "reference": "62022442a140e919dca60c4118e4df0a8bd20d0a",
                "shasum": "",
                "mirrors": [
                    {
                        "url": "https://mirrors.aliyun.com/composer/dists/%package%/%reference%.%type%",
                        "preferred": true
                    }
                ]
            },
            "require": {
                "php": ">=5.6"
            },
            "type": "library",
            "autoload": {
                "psr-4": {
                    "nulastudio\\": "src/"
                }
            },
            "notification-url": "https://packagist.org/downloads/",
            "license": [
                "MIT"
            ],
            "keywords": [
                "middleware",
                "nulastudio"
            ],
            "time": "2018-07-23T08:17:37+00:00"
        },
        {
            "name": "psr/log",
            "version": "1.1.3",
            "source": {
                "type": "git",
                "url": "https://github.com/php-fig/log.git",
                "reference": "0f73288fd15629204f9d42b7055f72dacbe811fc"
            },
            "dist": {
                "type": "zip",
                "url": "https://api.github.com/repos/php-fig/log/zipball/0f73288fd15629204f9d42b7055f72dacbe811fc",
                "reference": "0f73288fd15629204f9d42b7055f72dacbe811fc",
                "shasum": "",
                "mirrors": [
                    {
                        "url": "https://mirrors.aliyun.com/composer/dists/%package%/%reference%.%type%",
                        "preferred": true
                    }
                ]
            },
            "require": {
                "php": ">=5.3.0"
            },
            "type": "library",
            "extra": {
                "branch-alias": {
                    "dev-master": "1.1.x-dev"
                }
            },
            "autoload": {
                "psr-4": {
                    "Psr\\Log\\": "Psr/Log/"
                }
            },
            "notification-url": "https://packagist.org/downloads/",
            "license": [
                "MIT"
            ],
            "authors": [
                {
                    "name": "PHP-FIG",
                    "homepage": "http://www.php-fig.org/"
                }
            ],
            "description": "Common interface for logging libraries",
            "homepage": "https://github.com/php-fig/log",
            "keywords": [
                "log",
                "psr",
                "psr-3"
            ],
            "time": "2020-03-23T09:12:05+00:00"
        }
    ],
    "packages-dev": [],
    "aliases": [],
    "minimum-stability": "stable",
    "stability-flags": {
        "nulastudio/middleware": 10
    },
    "prefer-stable": false,
    "prefer-lowest": false,
    "platform": [],
    "platform-dev": []
}
